
Microsoft Visual Studio Solution File, Format Version 12.00
# Visual Studio Version 17
VisualStudioVersion = 17.14.36518.9 d17.14
MinimumVisualStudioVersion = 10.0.40219.1
Project("{FAE04EC0-301F-11D3-BF4B-00C04F79EFBC}") = "Cadastro_Bancario", "Cadastro_Bancario.csproj", "{D3BBABBC-64E1-43F4-9B5D-734C49D4D443}"
EndProject
Global
	GlobalSection(SolutionConfigurationPlatforms) = preSolution
		Debug|Any CPU = Debug|Any CPU
		Release|Any CPU = Release|Any CPU
	EndGlobalSection
	GlobalSection(ProjectConfigurationPlatforms) = postSolution
		{D3BBABBC-64E1-43F4-9B5D-734C49D4D443}.Debug|Any CPU.ActiveCfg = Debug|Any CPU
		{D3BBABBC-64E1-43F4-9B5D-734C49D4D443}.Debug|Any CPU.Build.0 = Debug|Any CPU
		{D3BBABBC-64E1-43F4-9B5D-734C49D4D443}.Release|Any CPU.ActiveCfg = Release|Any CPU
		{D3BBABBC-64E1-43F4-9B5D-734C49D4D443}.Release|Any CPU.Build.0 = Release|Any CPU
	EndGlobalSection
	GlobalSection(SolutionProperties) = preSolution
		HideSolutionNode = FALSE
	EndGlobalSection
	GlobalSection(ExtensibilityGlobals) = postSolution
		SolutionGuid = {27E1B9A7-1DF9-49A3-90D5-6F8FF20659B7}
	EndGlobalSection
EndGlobal
