
Microsoft Visual Studio Solution File, Format Version 12.00
# Visual Studio Version 17
VisualStudioVersion = 17.14.36518.9 d17.14
MinimumVisualStudioVersion = 10.0.40219.1
Project("{FAE04EC0-301F-11D3-BF4B-00C04F79EFBC}") = "Conversor_Moedas", "Conversor_Moedas.csproj", "{4A9B8AA4-99B5-4399-815D-93BF7E2A3A42}"
EndProject
Global
	GlobalSection(SolutionConfigurationPlatforms) = preSolution
		Debug|Any CPU = Debug|Any CPU
		Release|Any CPU = Release|Any CPU
	EndGlobalSection
	GlobalSection(ProjectConfigurationPlatforms) = postSolution
		{4A9B8AA4-99B5-4399-815D-93BF7E2A3A42}.Debug|Any CPU.ActiveCfg = Debug|Any CPU
		{4A9B8AA4-99B5-4399-815D-93BF7E2A3A42}.Debug|Any CPU.Build.0 = Debug|Any CPU
		{4A9B8AA4-99B5-4399-815D-93BF7E2A3A42}.Release|Any CPU.ActiveCfg = Release|Any CPU
		{4A9B8AA4-99B5-4399-815D-93BF7E2A3A42}.Release|Any CPU.Build.0 = Release|Any CPU
	EndGlobalSection
	GlobalSection(SolutionProperties) = preSolution
		HideSolutionNode = FALSE
	EndGlobalSection
	GlobalSection(ExtensibilityGlobals) = postSolution
		SolutionGuid = {019BD6D7-FF6A-4F74-B0CE-F23390F8B09E}
	EndGlobalSection
EndGlobal
