
Microsoft Visual Studio Solution File, Format Version 12.00
# Visual Studio Version 17
VisualStudioVersion = 17.14.36518.9
MinimumVisualStudioVersion = 10.0.40219.1
Project("{FAE04EC0-301F-11D3-BF4B-00C04F79EFBC}") = "ExerciciosC#", "ExerciciosC#.csproj", "{C7C3F07D-A22D-4BF2-994B-A3E5770BF528}"
EndProject
Project("{FAE04EC0-301F-11D3-BF4B-00C04F79EFBC}") = "Soma", "..\Soma\Soma.csproj", "{FB1ACA61-B24A-4020-B3BB-18B0E2530E5C}"
EndProject
Project("{FAE04EC0-301F-11D3-BF4B-00C04F79EFBC}") = "Ex3_comparacao_de_valores", "..\Ex3_comparacao_de_valores\Ex3_comparacao_de_valores.csproj", "{6555E274-55EC-480E-A6B7-EB149CA6E771}"
EndProject
Project("{FAE04EC0-301F-11D3-BF4B-00C04F79EFBC}") = "Ex4_Tabuada", "..\Ex4_Tabuada\Ex4_Tabuada.csproj", "{76FF2817-86F1-4255-AD8A-E89BDC6FCE9D}"
EndProject
Project("{FAE04EC0-301F-11D3-BF4B-00C04F79EFBC}") = "Ex5_Contagem", "..\Ex5_Contagem\Ex5_Contagem.csproj", "{6D07AB8D-7037-44C2-A254-8C5DAB8931BD}"
EndProject
Project("{FAE04EC0-301F-11D3-BF4B-00C04F79EFBC}") = "Ex6_for1", "..\Ex6_for1\Ex6_for1.csproj", "{91BF2C95-9642-4D88-AAB4-1E58FE748246}"
EndProject
Project("{FAE04EC0-301F-11D3-BF4B-00C04F79EFBC}") = "Ex6_for2", "..\Ex6_for2\Ex6_for2.csproj", "{B994CE08-698A-407E-AF35-451A7BDFA369}"
EndProject
Project("{FAE04EC0-301F-11D3-BF4B-00C04F79EFBC}") = "Ex6_for3", "..\Ex6_for3\Ex6_for3.csproj", "{C079CC5F-CFAA-471B-B3ED-E6BD811E39B5}"
EndProject
Project("{FAE04EC0-301F-11D3-BF4B-00C04F79EFBC}") = "Ex6_for4", "..\Ex6_for4\Ex6_for4.csproj", "{4AB48ACF-D4B5-47DB-AF9D-2A0A5212751D}"
EndProject
Project("{FAE04EC0-301F-11D3-BF4B-00C04F79EFBC}") = "Ex6_for5", "..\Ex6_for5\Ex6_for5.csproj", "{ACF0FB4F-87FE-4AEA-A613-796C47932F43}"
EndProject
Project("{FAE04EC0-301F-11D3-BF4B-00C04F79EFBC}") = "Ex6_for6", "..\Ex6_for6\Ex6_for6.csproj", "{2292586B-3F15-45C5-9602-2617DD4B3F2E}"
EndProject
Project("{FAE04EC0-301F-11D3-BF4B-00C04F79EFBC}") = "Ex6_for7", "..\Ex6_for7\Ex6_for7.csproj", "{E61C4C16-2806-491F-A0BA-8F7BC27C7996}"
EndProject
Project("{FAE04EC0-301F-11D3-BF4B-00C04F79EFBC}") = "Ex6_for8", "..\Ex6_for8\Ex6_for8.csproj", "{AB7F368A-7029-46FC-B8D3-F5D3345E1CC8}"
EndProject
Project("{FAE04EC0-301F-11D3-BF4B-00C04F79EFBC}") = "Ex6_for9", "..\Ex6_for9\Ex6_for9.csproj", "{E45FC2B9-9DB5-418B-96EF-595322055A88}"
EndProject
Project("{FAE04EC0-301F-11D3-BF4B-00C04F79EFBC}") = "Ex6_for10", "..\Ex6_for10\Ex6_for10.csproj", "{8C5CC17A-D870-4477-9ACE-CAAFF05062C9}"
EndProject
Project("{FAE04EC0-301F-11D3-BF4B-00C04F79EFBC}") = "Ex7_Fibonacci", "..\Ex7_Fibonacci\Ex7_Fibonacci.csproj", "{F85F798A-B6D0-44D8-A79D-9A1DF3A58C98}"
EndProject
Project("{FAE04EC0-301F-11D3-BF4B-00C04F79EFBC}") = "Ex8_while", "..\Ex8_while\Ex8_while.csproj", "{5FF4B00C-C3C3-4657-899C-99F6316B90DF}"
EndProject
Project("{FAE04EC0-301F-11D3-BF4B-00C04F79EFBC}") = "Ex8_while1", "..\Ex8_while1\Ex8_while1.csproj", "{0321FA20-5F37-4DAD-86FF-1005336A7F67}"
EndProject
Project("{FAE04EC0-301F-11D3-BF4B-00C04F79EFBC}") = "Ex8_while2", "..\Ex8_while2\Ex8_while2.csproj", "{CB5D4F86-6752-4305-ACA8-1B50B87EBE66}"
EndProject
Project("{FAE04EC0-301F-11D3-BF4B-00C04F79EFBC}") = "Ex8_while3", "..\Ex8_while3\Ex8_while3.csproj", "{8E15D720-3929-40E8-8C22-5A066551E8E4}"
EndProject
Project("{FAE04EC0-301F-11D3-BF4B-00C04F79EFBC}") = "Ex8_while4", "..\ConsoleApp1\Ex8_while4.csproj", "{8FC1A329-35A9-46A8-A78F-A76D77C469BB}"
EndProject
Project("{FAE04EC0-301F-11D3-BF4B-00C04F79EFBC}") = "Ex8_while5", "..\Ex8_while5\Ex8_while5.csproj", "{E91FD578-2CEF-49B6-B290-901009662C7B}"
EndProject
Project("{FAE04EC0-301F-11D3-BF4B-00C04F79EFBC}") = "Ex8_while6", "..\Ex8_while6\Ex8_while6.csproj", "{5BEA501D-62D6-4728-9DB0-1010C5D26A3D}"
EndProject
Project("{FAE04EC0-301F-11D3-BF4B-00C04F79EFBC}") = "Ex8_while8", "..\Ex8_while8\Ex8_while8.csproj", "{CAB39B3C-1398-498D-BDD2-485C7985B9E0}"
EndProject
Project("{FAE04EC0-301F-11D3-BF4B-00C04F79EFBC}") = "Ex8_while7", "..\Ex8_while7\Ex8_while7.csproj", "{4F7CCB35-A2A4-418A-86CD-4BC3A962B142}"
EndProject
Project("{FAE04EC0-301F-11D3-BF4B-00C04F79EFBC}") = "Ex8_while9", "..\Ex8_while9\Ex8_while9.csproj", "{7A799893-37B2-4102-843D-6F4102F28175}"
EndProject
Project("{FAE04EC0-301F-11D3-BF4B-00C04F79EFBC}") = "Ex8_while10", "..\Ex8_while10\Ex8_while10.csproj", "{5A24B6FF-CDD8-4CA2-B3A1-2C8284B464D5}"
EndProject
Project("{FAE04EC0-301F-11D3-BF4B-00C04F79EFBC}") = "Ex9_if", "..\Ex9_if\Ex9_if.csproj", "{86D72158-BE8C-48C1-9E4B-2E7795DA1D89}"
EndProject
Project("{FAE04EC0-301F-11D3-BF4B-00C04F79EFBC}") = "Ex9_if2", "..\Ex9_02\Ex9_if2.csproj", "{09A12A9C-0102-47DC-A1B9-B79E75192BAD}"
EndProject
Project("{FAE04EC0-301F-11D3-BF4B-00C04F79EFBC}") = "Ex9_if3", "..\Ex9_if3\Ex9_if3.csproj", "{D570F4E1-CDB6-47CC-BC3E-ACAB0CBFFAB0}"
EndProject
Project("{FAE04EC0-301F-11D3-BF4B-00C04F79EFBC}") = "Ex9_if4", "..\Ex9_if4\Ex9_if4.csproj", "{9530A36B-5B13-4638-B72C-4180CCBCD504}"
EndProject
Project("{FAE04EC0-301F-11D3-BF4B-00C04F79EFBC}") = "Ex9_if5", "..\Ex9_if5\Ex9_if5.csproj", "{0B337EAD-7272-46CF-90FC-135F7D89AA5E}"
EndProject
Project("{FAE04EC0-301F-11D3-BF4B-00C04F79EFBC}") = "Ex9_if6", "..\Ex9_if6\Ex9_if6.csproj", "{5AD7CACF-1B71-4294-8E79-40BE74BE0D14}"
EndProject
Project("{FAE04EC0-301F-11D3-BF4B-00C04F79EFBC}") = "Ex9_if7", "..\Ex9_if7\Ex9_if7.csproj", "{034660EC-5A23-4A1B-BEEF-79BBE4DE0566}"
EndProject
Project("{FAE04EC0-301F-11D3-BF4B-00C04F79EFBC}") = "Ex9_if8", "..\Ex9_if8\Ex9_if8.csproj", "{F52C205D-8618-406F-B5AC-371A78BB9E22}"
EndProject
Project("{FAE04EC0-301F-11D3-BF4B-00C04F79EFBC}") = "Ex9_if9", "..\Ex9_if9\Ex9_if9.csproj", "{4F77A1E7-0727-435B-ACD4-24211BEC11D2}"
EndProject
Project("{FAE04EC0-301F-11D3-BF4B-00C04F79EFBC}") = "Ex9_if10", "..\Ex9_if10\Ex9_if10.csproj", "{6D4DE24F-EBC2-4927-84F2-4C1DF25F6C48}"
EndProject
Project("{FAE04EC0-301F-11D3-BF4B-00C04F79EFBC}") = "Ex10_revisao", "..\Ex10_revisao\Ex10_revisao.csproj", "{D4E7AD7F-E679-41C0-B6F3-8BADDBBA1E76}"
EndProject
Project("{FAE04EC0-301F-11D3-BF4B-00C04F79EFBC}") = "Ex10_revisao1", "..\Ex10_revisao1\Ex10_revisao1.csproj", "{E12CB5E1-8631-4592-AF22-2F90BA9CD911}"
EndProject
Project("{FAE04EC0-301F-11D3-BF4B-00C04F79EFBC}") = "Ex10_revisao2", "..\Ex10_revisao2\Ex10_revisao2.csproj", "{CD1D5B69-344D-4C07-B91E-88CB2F65E28E}"
EndProject
Project("{FAE04EC0-301F-11D3-BF4B-00C04F79EFBC}") = "Ex10_revisao3", "..\Ex10_revisao3\Ex10_revisao3.csproj", "{BCF16A45-7493-49E2-9A07-557EA3D3615E}"
EndProject
Project("{FAE04EC0-301F-11D3-BF4B-00C04F79EFBC}") = "Ex10_revisao4", "..\Ex10_reviao4\Ex10_revisao4.csproj", "{AA802758-E9EF-4BE8-A04C-CC12662D1AE8}"
EndProject
Project("{FAE04EC0-301F-11D3-BF4B-00C04F79EFBC}") = "Ex10_revisao5", "..\Ex10_revisao5\Ex10_revisao5.csproj", "{F9A9D7D9-93E4-4F99-A343-37546568493A}"
EndProject
Global
	GlobalSection(SolutionConfigurationPlatforms) = preSolution
		Debug|Any CPU = Debug|Any CPU
		Release|Any CPU = Release|Any CPU
	EndGlobalSection
	GlobalSection(ProjectConfigurationPlatforms) = postSolution
		{C7C3F07D-A22D-4BF2-994B-A3E5770BF528}.Debug|Any CPU.ActiveCfg = Debug|Any CPU
		{C7C3F07D-A22D-4BF2-994B-A3E5770BF528}.Debug|Any CPU.Build.0 = Debug|Any CPU
		{C7C3F07D-A22D-4BF2-994B-A3E5770BF528}.Release|Any CPU.ActiveCfg = Release|Any CPU
		{C7C3F07D-A22D-4BF2-994B-A3E5770BF528}.Release|Any CPU.Build.0 = Release|Any CPU
		{FB1ACA61-B24A-4020-B3BB-18B0E2530E5C}.Debug|Any CPU.ActiveCfg = Debug|Any CPU
		{FB1ACA61-B24A-4020-B3BB-18B0E2530E5C}.Debug|Any CPU.Build.0 = Debug|Any CPU
		{FB1ACA61-B24A-4020-B3BB-18B0E2530E5C}.Release|Any CPU.ActiveCfg = Release|Any CPU
		{FB1ACA61-B24A-4020-B3BB-18B0E2530E5C}.Release|Any CPU.Build.0 = Release|Any CPU
		{6555E274-55EC-480E-A6B7-EB149CA6E771}.Debug|Any CPU.ActiveCfg = Debug|Any CPU
		{6555E274-55EC-480E-A6B7-EB149CA6E771}.Debug|Any CPU.Build.0 = Debug|Any CPU
		{6555E274-55EC-480E-A6B7-EB149CA6E771}.Release|Any CPU.ActiveCfg = Release|Any CPU
		{6555E274-55EC-480E-A6B7-EB149CA6E771}.Release|Any CPU.Build.0 = Release|Any CPU
		{76FF2817-86F1-4255-AD8A-E89BDC6FCE9D}.Debug|Any CPU.ActiveCfg = Debug|Any CPU
		{76FF2817-86F1-4255-AD8A-E89BDC6FCE9D}.Debug|Any CPU.Build.0 = Debug|Any CPU
		{76FF2817-86F1-4255-AD8A-E89BDC6FCE9D}.Release|Any CPU.ActiveCfg = Release|Any CPU
		{76FF2817-86F1-4255-AD8A-E89BDC6FCE9D}.Release|Any CPU.Build.0 = Release|Any CPU
		{6D07AB8D-7037-44C2-A254-8C5DAB8931BD}.Debug|Any CPU.ActiveCfg = Debug|Any CPU
		{6D07AB8D-7037-44C2-A254-8C5DAB8931BD}.Debug|Any CPU.Build.0 = Debug|Any CPU
		{6D07AB8D-7037-44C2-A254-8C5DAB8931BD}.Release|Any CPU.ActiveCfg = Release|Any CPU
		{6D07AB8D-7037-44C2-A254-8C5DAB8931BD}.Release|Any CPU.Build.0 = Release|Any CPU
		{91BF2C95-9642-4D88-AAB4-1E58FE748246}.Debug|Any CPU.ActiveCfg = Debug|Any CPU
		{91BF2C95-9642-4D88-AAB4-1E58FE748246}.Debug|Any CPU.Build.0 = Debug|Any CPU
		{91BF2C95-9642-4D88-AAB4-1E58FE748246}.Release|Any CPU.ActiveCfg = Release|Any CPU
		{91BF2C95-9642-4D88-AAB4-1E58FE748246}.Release|Any CPU.Build.0 = Release|Any CPU
		{B994CE08-698A-407E-AF35-451A7BDFA369}.Debug|Any CPU.ActiveCfg = Debug|Any CPU
		{B994CE08-698A-407E-AF35-451A7BDFA369}.Debug|Any CPU.Build.0 = Debug|Any CPU
		{B994CE08-698A-407E-AF35-451A7BDFA369}.Release|Any CPU.ActiveCfg = Release|Any CPU
		{B994CE08-698A-407E-AF35-451A7BDFA369}.Release|Any CPU.Build.0 = Release|Any CPU
		{C079CC5F-CFAA-471B-B3ED-E6BD811E39B5}.Debug|Any CPU.ActiveCfg = Debug|Any CPU
		{C079CC5F-CFAA-471B-B3ED-E6BD811E39B5}.Debug|Any CPU.Build.0 = Debug|Any CPU
		{C079CC5F-CFAA-471B-B3ED-E6BD811E39B5}.Release|Any CPU.ActiveCfg = Release|Any CPU
		{C079CC5F-CFAA-471B-B3ED-E6BD811E39B5}.Release|Any CPU.Build.0 = Release|Any CPU
		{4AB48ACF-D4B5-47DB-AF9D-2A0A5212751D}.Debug|Any CPU.ActiveCfg = Debug|Any CPU
		{4AB48ACF-D4B5-47DB-AF9D-2A0A5212751D}.Debug|Any CPU.Build.0 = Debug|Any CPU
		{4AB48ACF-D4B5-47DB-AF9D-2A0A5212751D}.Release|Any CPU.ActiveCfg = Release|Any CPU
		{4AB48ACF-D4B5-47DB-AF9D-2A0A5212751D}.Release|Any CPU.Build.0 = Release|Any CPU
		{ACF0FB4F-87FE-4AEA-A613-796C47932F43}.Debug|Any CPU.ActiveCfg = Debug|Any CPU
		{ACF0FB4F-87FE-4AEA-A613-796C47932F43}.Debug|Any CPU.Build.0 = Debug|Any CPU
		{ACF0FB4F-87FE-4AEA-A613-796C47932F43}.Release|Any CPU.ActiveCfg = Release|Any CPU
		{ACF0FB4F-87FE-4AEA-A613-796C47932F43}.Release|Any CPU.Build.0 = Release|Any CPU
		{2292586B-3F15-45C5-9602-2617DD4B3F2E}.Debug|Any CPU.ActiveCfg = Debug|Any CPU
		{2292586B-3F15-45C5-9602-2617DD4B3F2E}.Debug|Any CPU.Build.0 = Debug|Any CPU
		{2292586B-3F15-45C5-9602-2617DD4B3F2E}.Release|Any CPU.ActiveCfg = Release|Any CPU
		{2292586B-3F15-45C5-9602-2617DD4B3F2E}.Release|Any CPU.Build.0 = Release|Any CPU
		{E61C4C16-2806-491F-A0BA-8F7BC27C7996}.Debug|Any CPU.ActiveCfg = Debug|Any CPU
		{E61C4C16-2806-491F-A0BA-8F7BC27C7996}.Debug|Any CPU.Build.0 = Debug|Any CPU
		{E61C4C16-2806-491F-A0BA-8F7BC27C7996}.Release|Any CPU.ActiveCfg = Release|Any CPU
		{E61C4C16-2806-491F-A0BA-8F7BC27C7996}.Release|Any CPU.Build.0 = Release|Any CPU
		{AB7F368A-7029-46FC-B8D3-F5D3345E1CC8}.Debug|Any CPU.ActiveCfg = Debug|Any CPU
		{AB7F368A-7029-46FC-B8D3-F5D3345E1CC8}.Debug|Any CPU.Build.0 = Debug|Any CPU
		{AB7F368A-7029-46FC-B8D3-F5D3345E1CC8}.Release|Any CPU.ActiveCfg = Release|Any CPU
		{AB7F368A-7029-46FC-B8D3-F5D3345E1CC8}.Release|Any CPU.Build.0 = Release|Any CPU
		{E45FC2B9-9DB5-418B-96EF-595322055A88}.Debug|Any CPU.ActiveCfg = Debug|Any CPU
		{E45FC2B9-9DB5-418B-96EF-595322055A88}.Debug|Any CPU.Build.0 = Debug|Any CPU
		{E45FC2B9-9DB5-418B-96EF-595322055A88}.Release|Any CPU.ActiveCfg = Release|Any CPU
		{E45FC2B9-9DB5-418B-96EF-595322055A88}.Release|Any CPU.Build.0 = Release|Any CPU
		{8C5CC17A-D870-4477-9ACE-CAAFF05062C9}.Debug|Any CPU.ActiveCfg = Debug|Any CPU
		{8C5CC17A-D870-4477-9ACE-CAAFF05062C9}.Debug|Any CPU.Build.0 = Debug|Any CPU
		{8C5CC17A-D870-4477-9ACE-CAAFF05062C9}.Release|Any CPU.ActiveCfg = Release|Any CPU
		{8C5CC17A-D870-4477-9ACE-CAAFF05062C9}.Release|Any CPU.Build.0 = Release|Any CPU
		{F85F798A-B6D0-44D8-A79D-9A1DF3A58C98}.Debug|Any CPU.ActiveCfg = Debug|Any CPU
		{F85F798A-B6D0-44D8-A79D-9A1DF3A58C98}.Debug|Any CPU.Build.0 = Debug|Any CPU
		{F85F798A-B6D0-44D8-A79D-9A1DF3A58C98}.Release|Any CPU.ActiveCfg = Release|Any CPU
		{F85F798A-B6D0-44D8-A79D-9A1DF3A58C98}.Release|Any CPU.Build.0 = Release|Any CPU
		{5FF4B00C-C3C3-4657-899C-99F6316B90DF}.Debug|Any CPU.ActiveCfg = Debug|Any CPU
		{5FF4B00C-C3C3-4657-899C-99F6316B90DF}.Debug|Any CPU.Build.0 = Debug|Any CPU
		{5FF4B00C-C3C3-4657-899C-99F6316B90DF}.Release|Any CPU.ActiveCfg = Release|Any CPU
		{5FF4B00C-C3C3-4657-899C-99F6316B90DF}.Release|Any CPU.Build.0 = Release|Any CPU
		{0321FA20-5F37-4DAD-86FF-1005336A7F67}.Debug|Any CPU.ActiveCfg = Debug|Any CPU
		{0321FA20-5F37-4DAD-86FF-1005336A7F67}.Debug|Any CPU.Build.0 = Debug|Any CPU
		{0321FA20-5F37-4DAD-86FF-1005336A7F67}.Release|Any CPU.ActiveCfg = Release|Any CPU
		{0321FA20-5F37-4DAD-86FF-1005336A7F67}.Release|Any CPU.Build.0 = Release|Any CPU
		{CB5D4F86-6752-4305-ACA8-1B50B87EBE66}.Debug|Any CPU.ActiveCfg = Debug|Any CPU
		{CB5D4F86-6752-4305-ACA8-1B50B87EBE66}.Debug|Any CPU.Build.0 = Debug|Any CPU
		{CB5D4F86-6752-4305-ACA8-1B50B87EBE66}.Release|Any CPU.ActiveCfg = Release|Any CPU
		{CB5D4F86-6752-4305-ACA8-1B50B87EBE66}.Release|Any CPU.Build.0 = Release|Any CPU
		{8E15D720-3929-40E8-8C22-5A066551E8E4}.Debug|Any CPU.ActiveCfg = Debug|Any CPU
		{8E15D720-3929-40E8-8C22-5A066551E8E4}.Debug|Any CPU.Build.0 = Debug|Any CPU
		{8E15D720-3929-40E8-8C22-5A066551E8E4}.Release|Any CPU.ActiveCfg = Release|Any CPU
		{8E15D720-3929-40E8-8C22-5A066551E8E4}.Release|Any CPU.Build.0 = Release|Any CPU
		{8FC1A329-35A9-46A8-A78F-A76D77C469BB}.Debug|Any CPU.ActiveCfg = Debug|Any CPU
		{8FC1A329-35A9-46A8-A78F-A76D77C469BB}.Debug|Any CPU.Build.0 = Debug|Any CPU
		{8FC1A329-35A9-46A8-A78F-A76D77C469BB}.Release|Any CPU.ActiveCfg = Release|Any CPU
		{8FC1A329-35A9-46A8-A78F-A76D77C469BB}.Release|Any CPU.Build.0 = Release|Any CPU
		{E91FD578-2CEF-49B6-B290-901009662C7B}.Debug|Any CPU.ActiveCfg = Debug|Any CPU
		{E91FD578-2CEF-49B6-B290-901009662C7B}.Debug|Any CPU.Build.0 = Debug|Any CPU
		{E91FD578-2CEF-49B6-B290-901009662C7B}.Release|Any CPU.ActiveCfg = Release|Any CPU
		{E91FD578-2CEF-49B6-B290-901009662C7B}.Release|Any CPU.Build.0 = Release|Any CPU
		{5BEA501D-62D6-4728-9DB0-1010C5D26A3D}.Debug|Any CPU.ActiveCfg = Debug|Any CPU
		{5BEA501D-62D6-4728-9DB0-1010C5D26A3D}.Debug|Any CPU.Build.0 = Debug|Any CPU
		{5BEA501D-62D6-4728-9DB0-1010C5D26A3D}.Release|Any CPU.ActiveCfg = Release|Any CPU
		{5BEA501D-62D6-4728-9DB0-1010C5D26A3D}.Release|Any CPU.Build.0 = Release|Any CPU
		{CAB39B3C-1398-498D-BDD2-485C7985B9E0}.Debug|Any CPU.ActiveCfg = Debug|Any CPU
		{CAB39B3C-1398-498D-BDD2-485C7985B9E0}.Debug|Any CPU.Build.0 = Debug|Any CPU
		{CAB39B3C-1398-498D-BDD2-485C7985B9E0}.Release|Any CPU.ActiveCfg = Release|Any CPU
		{CAB39B3C-1398-498D-BDD2-485C7985B9E0}.Release|Any CPU.Build.0 = Release|Any CPU
		{4F7CCB35-A2A4-418A-86CD-4BC3A962B142}.Debug|Any CPU.ActiveCfg = Debug|Any CPU
		{4F7CCB35-A2A4-418A-86CD-4BC3A962B142}.Debug|Any CPU.Build.0 = Debug|Any CPU
		{4F7CCB35-A2A4-418A-86CD-4BC3A962B142}.Release|Any CPU.ActiveCfg = Release|Any CPU
		{4F7CCB35-A2A4-418A-86CD-4BC3A962B142}.Release|Any CPU.Build.0 = Release|Any CPU
		{7A799893-37B2-4102-843D-6F4102F28175}.Debug|Any CPU.ActiveCfg = Debug|Any CPU
		{7A799893-37B2-4102-843D-6F4102F28175}.Debug|Any CPU.Build.0 = Debug|Any CPU
		{7A799893-37B2-4102-843D-6F4102F28175}.Release|Any CPU.ActiveCfg = Release|Any CPU
		{7A799893-37B2-4102-843D-6F4102F28175}.Release|Any CPU.Build.0 = Release|Any CPU
		{5A24B6FF-CDD8-4CA2-B3A1-2C8284B464D5}.Debug|Any CPU.ActiveCfg = Debug|Any CPU
		{5A24B6FF-CDD8-4CA2-B3A1-2C8284B464D5}.Debug|Any CPU.Build.0 = Debug|Any CPU
		{5A24B6FF-CDD8-4CA2-B3A1-2C8284B464D5}.Release|Any CPU.ActiveCfg = Release|Any CPU
		{5A24B6FF-CDD8-4CA2-B3A1-2C8284B464D5}.Release|Any CPU.Build.0 = Release|Any CPU
		{86D72158-BE8C-48C1-9E4B-2E7795DA1D89}.Debug|Any CPU.ActiveCfg = Debug|Any CPU
		{86D72158-BE8C-48C1-9E4B-2E7795DA1D89}.Debug|Any CPU.Build.0 = Debug|Any CPU
		{86D72158-BE8C-48C1-9E4B-2E7795DA1D89}.Release|Any CPU.ActiveCfg = Release|Any CPU
		{86D72158-BE8C-48C1-9E4B-2E7795DA1D89}.Release|Any CPU.Build.0 = Release|Any CPU
		{09A12A9C-0102-47DC-A1B9-B79E75192BAD}.Debug|Any CPU.ActiveCfg = Debug|Any CPU
		{09A12A9C-0102-47DC-A1B9-B79E75192BAD}.Debug|Any CPU.Build.0 = Debug|Any CPU
		{09A12A9C-0102-47DC-A1B9-B79E75192BAD}.Release|Any CPU.ActiveCfg = Release|Any CPU
		{09A12A9C-0102-47DC-A1B9-B79E75192BAD}.Release|Any CPU.Build.0 = Release|Any CPU
		{D570F4E1-CDB6-47CC-BC3E-ACAB0CBFFAB0}.Debug|Any CPU.ActiveCfg = Debug|Any CPU
		{D570F4E1-CDB6-47CC-BC3E-ACAB0CBFFAB0}.Debug|Any CPU.Build.0 = Debug|Any CPU
		{D570F4E1-CDB6-47CC-BC3E-ACAB0CBFFAB0}.Release|Any CPU.ActiveCfg = Release|Any CPU
		{D570F4E1-CDB6-47CC-BC3E-ACAB0CBFFAB0}.Release|Any CPU.Build.0 = Release|Any CPU
		{9530A36B-5B13-4638-B72C-4180CCBCD504}.Debug|Any CPU.ActiveCfg = Debug|Any CPU
		{9530A36B-5B13-4638-B72C-4180CCBCD504}.Debug|Any CPU.Build.0 = Debug|Any CPU
		{9530A36B-5B13-4638-B72C-4180CCBCD504}.Release|Any CPU.ActiveCfg = Release|Any CPU
		{9530A36B-5B13-4638-B72C-4180CCBCD504}.Release|Any CPU.Build.0 = Release|Any CPU
		{0B337EAD-7272-46CF-90FC-135F7D89AA5E}.Debug|Any CPU.ActiveCfg = Debug|Any CPU
		{0B337EAD-7272-46CF-90FC-135F7D89AA5E}.Debug|Any CPU.Build.0 = Debug|Any CPU
		{0B337EAD-7272-46CF-90FC-135F7D89AA5E}.Release|Any CPU.ActiveCfg = Release|Any CPU
		{0B337EAD-7272-46CF-90FC-135F7D89AA5E}.Release|Any CPU.Build.0 = Release|Any CPU
		{5AD7CACF-1B71-4294-8E79-40BE74BE0D14}.Debug|Any CPU.ActiveCfg = Debug|Any CPU
		{5AD7CACF-1B71-4294-8E79-40BE74BE0D14}.Debug|Any CPU.Build.0 = Debug|Any CPU
		{5AD7CACF-1B71-4294-8E79-40BE74BE0D14}.Release|Any CPU.ActiveCfg = Release|Any CPU
		{5AD7CACF-1B71-4294-8E79-40BE74BE0D14}.Release|Any CPU.Build.0 = Release|Any CPU
		{034660EC-5A23-4A1B-BEEF-79BBE4DE0566}.Debug|Any CPU.ActiveCfg = Debug|Any CPU
		{034660EC-5A23-4A1B-BEEF-79BBE4DE0566}.Debug|Any CPU.Build.0 = Debug|Any CPU
		{034660EC-5A23-4A1B-BEEF-79BBE4DE0566}.Release|Any CPU.ActiveCfg = Release|Any CPU
		{034660EC-5A23-4A1B-BEEF-79BBE4DE0566}.Release|Any CPU.Build.0 = Release|Any CPU
		{F52C205D-8618-406F-B5AC-371A78BB9E22}.Debug|Any CPU.ActiveCfg = Debug|Any CPU
		{F52C205D-8618-406F-B5AC-371A78BB9E22}.Debug|Any CPU.Build.0 = Debug|Any CPU
		{F52C205D-8618-406F-B5AC-371A78BB9E22}.Release|Any CPU.ActiveCfg = Release|Any CPU
		{F52C205D-8618-406F-B5AC-371A78BB9E22}.Release|Any CPU.Build.0 = Release|Any CPU
		{4F77A1E7-0727-435B-ACD4-24211BEC11D2}.Debug|Any CPU.ActiveCfg = Debug|Any CPU
		{4F77A1E7-0727-435B-ACD4-24211BEC11D2}.Debug|Any CPU.Build.0 = Debug|Any CPU
		{4F77A1E7-0727-435B-ACD4-24211BEC11D2}.Release|Any CPU.ActiveCfg = Release|Any CPU
		{4F77A1E7-0727-435B-ACD4-24211BEC11D2}.Release|Any CPU.Build.0 = Release|Any CPU
		{6D4DE24F-EBC2-4927-84F2-4C1DF25F6C48}.Debug|Any CPU.ActiveCfg = Debug|Any CPU
		{6D4DE24F-EBC2-4927-84F2-4C1DF25F6C48}.Debug|Any CPU.Build.0 = Debug|Any CPU
		{6D4DE24F-EBC2-4927-84F2-4C1DF25F6C48}.Release|Any CPU.ActiveCfg = Release|Any CPU
		{6D4DE24F-EBC2-4927-84F2-4C1DF25F6C48}.Release|Any CPU.Build.0 = Release|Any CPU
		{D4E7AD7F-E679-41C0-B6F3-8BADDBBA1E76}.Debug|Any CPU.ActiveCfg = Debug|Any CPU
		{D4E7AD7F-E679-41C0-B6F3-8BADDBBA1E76}.Debug|Any CPU.Build.0 = Debug|Any CPU
		{D4E7AD7F-E679-41C0-B6F3-8BADDBBA1E76}.Release|Any CPU.ActiveCfg = Release|Any CPU
		{D4E7AD7F-E679-41C0-B6F3-8BADDBBA1E76}.Release|Any CPU.Build.0 = Release|Any CPU
		{E12CB5E1-8631-4592-AF22-2F90BA9CD911}.Debug|Any CPU.ActiveCfg = Debug|Any CPU
		{E12CB5E1-8631-4592-AF22-2F90BA9CD911}.Debug|Any CPU.Build.0 = Debug|Any CPU
		{E12CB5E1-8631-4592-AF22-2F90BA9CD911}.Release|Any CPU.ActiveCfg = Release|Any CPU
		{E12CB5E1-8631-4592-AF22-2F90BA9CD911}.Release|Any CPU.Build.0 = Release|Any CPU
		{CD1D5B69-344D-4C07-B91E-88CB2F65E28E}.Debug|Any CPU.ActiveCfg = Debug|Any CPU
		{CD1D5B69-344D-4C07-B91E-88CB2F65E28E}.Debug|Any CPU.Build.0 = Debug|Any CPU
		{CD1D5B69-344D-4C07-B91E-88CB2F65E28E}.Release|Any CPU.ActiveCfg = Release|Any CPU
		{CD1D5B69-344D-4C07-B91E-88CB2F65E28E}.Release|Any CPU.Build.0 = Release|Any CPU
		{BCF16A45-7493-49E2-9A07-557EA3D3615E}.Debug|Any CPU.ActiveCfg = Debug|Any CPU
		{BCF16A45-7493-49E2-9A07-557EA3D3615E}.Debug|Any CPU.Build.0 = Debug|Any CPU
		{BCF16A45-7493-49E2-9A07-557EA3D3615E}.Release|Any CPU.ActiveCfg = Release|Any CPU
		{BCF16A45-7493-49E2-9A07-557EA3D3615E}.Release|Any CPU.Build.0 = Release|Any CPU
		{AA802758-E9EF-4BE8-A04C-CC12662D1AE8}.Debug|Any CPU.ActiveCfg = Debug|Any CPU
		{AA802758-E9EF-4BE8-A04C-CC12662D1AE8}.Debug|Any CPU.Build.0 = Debug|Any CPU
		{AA802758-E9EF-4BE8-A04C-CC12662D1AE8}.Release|Any CPU.ActiveCfg = Release|Any CPU
		{AA802758-E9EF-4BE8-A04C-CC12662D1AE8}.Release|Any CPU.Build.0 = Release|Any CPU
		{F9A9D7D9-93E4-4F99-A343-37546568493A}.Debug|Any CPU.ActiveCfg = Debug|Any CPU
		{F9A9D7D9-93E4-4F99-A343-37546568493A}.Debug|Any CPU.Build.0 = Debug|Any CPU
		{F9A9D7D9-93E4-4F99-A343-37546568493A}.Release|Any CPU.ActiveCfg = Release|Any CPU
		{F9A9D7D9-93E4-4F99-A343-37546568493A}.Release|Any CPU.Build.0 = Release|Any CPU
	EndGlobalSection
	GlobalSection(SolutionProperties) = preSolution
		HideSolutionNode = FALSE
	EndGlobalSection
	GlobalSection(ExtensibilityGlobals) = postSolution
		SolutionGuid = {E184DC19-2920-4F9F-B55E-DE9DBDFCB2EA}
	EndGlobalSection
EndGlobal
