
Microsoft Visual Studio Solution File, Format Version 12.00
# Visual Studio Version 17
VisualStudioVersion = 17.14.36518.9 d17.14
MinimumVisualStudioVersion = 10.0.40219.1
Project("{FAE04EC0-301F-11D3-BF4B-00C04F79EFBC}") = "Dados_Funcionario", "Dados_Funcionario.csproj", "{40E1EA8B-FB3B-401E-803A-2C4B55541B32}"
EndProject
Global
	GlobalSection(SolutionConfigurationPlatforms) = preSolution
		Debug|Any CPU = Debug|Any CPU
		Release|Any CPU = Release|Any CPU
	EndGlobalSection
	GlobalSection(ProjectConfigurationPlatforms) = postSolution
		{40E1EA8B-FB3B-401E-803A-2C4B55541B32}.Debug|Any CPU.ActiveCfg = Debug|Any CPU
		{40E1EA8B-FB3B-401E-803A-2C4B55541B32}.Debug|Any CPU.Build.0 = Debug|Any CPU
		{40E1EA8B-FB3B-401E-803A-2C4B55541B32}.Release|Any CPU.ActiveCfg = Release|Any CPU
		{40E1EA8B-FB3B-401E-803A-2C4B55541B32}.Release|Any CPU.Build.0 = Release|Any CPU
	EndGlobalSection
	GlobalSection(SolutionProperties) = preSolution
		HideSolutionNode = FALSE
	EndGlobalSection
	GlobalSection(ExtensibilityGlobals) = postSolution
		SolutionGuid = {D6ACFC00-F9C8-4C6E-86F5-88A7365A062E}
	EndGlobalSection
EndGlobal
